// !$*UTF8*$!
{
	archiveVersion = 1;
	classes = {
	};
	objectVersion = 46;
	objects = {

/* Begin PBXBuildFile section */
		841820FC1A52D27000859778 /* main.m in Sources */ = {isa = PBXBuildFile; fileRef = 841820FB1A52D27000859778 /* main.m */; };
		841820FF1A52D27000859778 /* AppDelegate.m in Sources */ = {isa = PBXBuildFile; fileRef = 841820FE1A52D27000859778 /* AppDelegate.m */; };
		841821021A52D27000859778 /* ViewController.m in Sources */ = {isa = PBXBuildFile; fileRef = 841821011A52D27000859778 /* ViewController.m */; };
		841821051A52D27000859778 /* Main.storyboard in Resources */ = {isa = PBXBuildFile; fileRef = 841821031A52D27000859778 /* Main.storyboard */; };
		841821071A52D27000859778 /* Images.xcassets in Resources */ = {isa = PBXBuildFile; fileRef = 841821061A52D27000859778 /* Images.xcassets */; };
		8418210A1A52D27000859778 /* LaunchScreen.xib in Resources */ = {isa = PBXBuildFile; fileRef = 841821081A52D27000859778 /* LaunchScreen.xib */; };
		841821161A52D27000859778 /* testdateTests.m in Sources */ = {isa = PBXBuildFile; fileRef = 841821151A52D27000859778 /* testdateTests.m */; };
/* End PBXBuildFile section */

/* Begin PBXContainerItemProxy section */
		841821101A52D27000859778 /* PBXContainerItemProxy */ = {
			isa = PBXContainerItemProxy;
			containerPortal = 841820EE1A52D26F00859778 /* Project object */;
			proxyType = 1;
			remoteGlobalIDString = 841820F51A52D27000859778;
			remoteInfo = testdate;
		};
/* End PBXContainerItemProxy section */

/* Begin PBXFileReference section */
		841820F61A52D27000859778 /* testdate.app */ = {isa = PBXFileReference; explicitFileType = wrapper.application; includeInIndex = 0; path = testdate.app; sourceTree = BUILT_PRODUCTS_DIR; };
		841820FA1A52D27000859778 /* Info.plist */ = {isa = PBXFileReference; lastKnownFileType = text.plist.xml; path = Info.plist; sourceTree = "<group>"; };
		841820FB1A52D27000859778 /* main.m */ = {isa = PBXFileReference; lastKnownFileType = sourcecode.c.objc; path = main.m; sourceTree = "<group>"; };
		841820FD1A52D27000859778 /* AppDelegate.h */ = {isa = PBXFileReference; lastKnownFileType = sourcecode.c.h; path = AppDelegate.h; sourceTree = "<group>"; };
		841820FE1A52D27000859778 /* AppDelegate.m */ = {isa = PBXFileReference; lastKnownFileType = sourcecode.c.objc; path = AppDelegate.m; sourceTree = "<group>"; };
		841821001A52D27000859778 /* ViewController.h */ = {isa = PBXFileReference; lastKnownFileType = sourcecode.c.h; path = ViewController.h; sourceTree = "<group>"; };
		841821011A52D27000859778 /* ViewController.m */ = {isa = PBXFileReference; lastKnownFileType = sourcecode.c.objc; path = ViewController.m; sourceTree = "<group>"; };
		841821041A52D27000859778 /* Base */ = {isa = PBXFileReference; lastKnownFileType = file.storyboard; name = Base; path = Base.lproj/Main.storyboard; sourceTree = "<group>"; };
		841821061A52D27000859778 /* Images.xcassets */ = {isa = PBXFileReference; lastKnownFileType = folder.assetcatalog; path = Images.xcassets; sourceTree = "<group>"; };
		841821091A52D27000859778 /* Base */ = {isa = PBXFileReference; lastKnownFileType = file.xib; name = Base; path = Base.lproj/LaunchScreen.xib; sourceTree = "<group>"; };
		8418210F1A52D27000859778 /* testdateTests.xctest */ = {isa = PBXFileReference; explicitFileType = wrapper.cfbundle; includeInIndex = 0; path = testdateTests.xctest; sourceTree = BUILT_PRODUCTS_DIR; };
		841821141A52D27000859778 /* Info.plist */ = {isa = PBXFileReference; lastKnownFileType = text.plist.xml; path = Info.plist; sourceTree = "<group>"; };
		841821151A52D27000859778 /* testdateTests.m */ = {isa = PBXFileReference; lastKnownFileType = sourcecode.c.objc; path = testdateTests.m; sourceTree = "<group>"; };
/* End PBXFileReference section */

/* Begin PBXFrameworksBuildPhase section */
		841820F31A52D27000859778 /* Frameworks */ = {
			isa = PBXFrameworksBuildPhase;
			buildActionMask = 2147483647;
			files = (
			);
			runOnlyForDeploymentPostprocessing = 0;
		};
		8418210C1A52D27000859778 /* Frameworks */ = {
			isa = PBXFrameworksBuildPhase;
			buildActionMask = 2147483647;
			files = (
			);
			runOnlyForDeploymentPostprocessing = 0;
		};
/* End PBXFrameworksBuildPhase section */

/* Begin PBXGroup section */
		841820ED1A52D26F00859778 = {
			isa = PBXGroup;
			children = (
				841820F81A52D27000859778 /* testdate */,
				841821121A52D27000859778 /* testdateTests */,
				841820F71A52D27000859778 /* Products */,
			);
			sourceTree = "<group>";
		};
		841820F71A52D27000859778 /* Products */ = {
			isa = PBXGroup;
			children = (
				841820F61A52D27000859778 /* testdate.app */,
				8418210F1A52D27000859778 /* testdateTests.xctest */,
			);
			name = Products;
			sourceTree = "<group>";
		};
		841820F81A52D27000859778 /* testdate */ = {
			isa = PBXGroup;
			children = (
				841820FD1A52D27000859778 /* AppDelegate.h */,
				841820FE1A52D27000859778 /* AppDelegate.m */,
				841821001A52D27000859778 /* ViewController.h */,
				841821011A52D27000859778 /* ViewController.m */,
				841821031A52D27000859778 /* Main.storyboard */,
				841821061A52D27000859778 /* Images.xcassets */,
				841821081A52D27000859778 /* LaunchScreen.xib */,
				841820F91A52D27000859778 /* Supporting Files */,
			);
			path = testdate;
			sourceTree = "<group>";
		};
		841820F91A52D27000859778 /* Supporting Files */ = {
			isa = PBXGroup;
			children = (
				841820FA1A52D27000859778 /* Info.plist */,
				841820FB1A52D27000859778 /* main.m */,
			);
			name = "Supporting Files";
			sourceTree = "<group>";
		};
		841821121A52D27000859778 /* testdateTests */ = {
			isa = PBXGroup;
			children = (
				841821151A52D27000859778 /* testdateTests.m */,
				841821131A52D27000859778 /* Supporting Files */,
			);
			path = testdateTests;
			sourceTree = "<group>";
		};
		841821131A52D27000859778 /* Supporting Files */ = {
			isa = PBXGroup;
			children = (
				841821141A52D27000859778 /* Info.plist */,
			);
			name = "Supporting Files";
			sourceTree = "<group>";
		};
/* End PBXGroup section */

/* Begin PBXNativeTarget section */
		841820F51A52D27000859778 /* testdate */ = {
			isa = PBXNativeTarget;
			buildConfigurationList = 841821191A52D27000859778 /* Build configuration list for PBXNativeTarget "testdate" */;
			buildPhases = (
				841820F21A52D27000859778 /* Sources */,
				841820F31A52D27000859778 /* Frameworks */,
				841820F41A52D27000859778 /* Resources */,
			);
			buildRules = (
			);
			dependencies = (
			);
			name = testdate;
			productName = testdate;
			productReference = 841820F61A52D27000859778 /* testdate.app */;
			productType = "com.apple.product-type.application";
		};
		8418210E1A52D27000859778 /* testdateTests */ = {
			isa = PBXNativeTarget;
			buildConfigurationList = 8418211C1A52D27000859778 /* Build configuration list for PBXNativeTarget "testdateTests" */;
			buildPhases = (
				8418210B1A52D27000859778 /* Sources */,
				8418210C1A52D27000859778 /* Frameworks */,
				8418210D1A52D27000859778 /* Resources */,
			);
			buildRules = (
			);
			dependencies = (
				841821111A52D27000859778 /* PBXTargetDependency */,
			);
			name = testdateTests;
			productName = testdateTests;
			productReference = 8418210F1A52D27000859778 /* testdateTests.xctest */;
			productType = "com.apple.product-type.bundle.unit-test";
		};
/* End PBXNativeTarget section */

/* Begin PBXProject section */
		841820EE1A52D26F00859778 /* Project object */ = {
			isa = PBXProject;
			attributes = {
				LastUpgradeCheck = 0610;
				ORGANIZATIONNAME = gressmc;
				TargetAttributes = {
					841820F51A52D27000859778 = {
						CreatedOnToolsVersion = 6.1;
					};
					8418210E1A52D27000859778 = {
						CreatedOnToolsVersion = 6.1;
						TestTargetID = 841820F51A52D27000859778;
					};
				};
			};
			buildConfigurationList = 841820F11A52D26F00859778 /* Build configuration list for PBXProject "testdate" */;
			compatibilityVersion = "Xcode 3.2";
			developmentRegion = English;
			hasScannedForEncodings = 0;
			knownRegions = (
				en,
				Base,
			);
			mainGroup = 841820ED1A52D26F00859778;
			productRefGroup = 841820F71A52D27000859778 /* Products */;
			projectDirPath = "";
			projectRoot = "";
			targets = (
				841820F51A52D27000859778 /* testdate */,
				8418210E1A52D27000859778 /* testdateTests */,
			);
		};
/* End PBXProject section */

/* Begin PBXResourcesBuildPhase section */
		841820F41A52D27000859778 /* Resources */ = {
			isa = PBXResourcesBuildPhase;
			buildActionMask = 2147483647;
			files = (
				841821051A52D27000859778 /* Main.storyboard in Resources */,
				8418210A1A52D27000859778 /* LaunchScreen.xib in Resources */,
				841821071A52D27000859778 /* Images.xcassets in Resources */,
			);
			runOnlyForDeploymentPostprocessing = 0;
		};
		8418210D1A52D27000859778 /* Resources */ = {
			isa = PBXResourcesBuildPhase;
			buildActionMask = 2147483647;
			files = (
			);
			runOnlyForDeploymentPostprocessing = 0;
		};
/* End PBXResourcesBuildPhase section */

/* Begin PBXSourcesBuildPhase section */
		841820F21A52D27000859778 /* Sources */ = {
			isa = PBXSourcesBuildPhase;
			buildActionMask = 2147483647;
			files = (
				841821021A52D27000859778 /* ViewController.m in Sources */,
				841820FF1A52D27000859778 /* AppDelegate.m in Sources */,
				841820FC1A52D27000859778 /* main.m in Sources */,
			);
			runOnlyForDeploymentPostprocessing = 0;
		};
		8418210B1A52D27000859778 /* Sources */ = {
			isa = PBXSourcesBuildPhase;
			buildActionMask = 2147483647;
			files = (
				841821161A52D27000859778 /* testdateTests.m in Sources */,
			);
			runOnlyForDeploymentPostprocessing = 0;
		};
/* End PBXSourcesBuildPhase section */

/* Begin PBXTargetDependency section */
		841821111A52D27000859778 /* PBXTargetDependency */ = {
			isa = PBXTargetDependency;
			target = 841820F51A52D27000859778 /* testdate */;
			targetProxy = 841821101A52D27000859778 /* PBXContainerItemProxy */;
		};
/* End PBXTargetDependency section */

/* Begin PBXVariantGroup section */
		841821031A52D27000859778 /* Main.storyboard */ = {
			isa = PBXVariantGroup;
			children = (
				841821041A52D27000859778 /* Base */,
			);
			name = Main.storyboard;
			sourceTree = "<group>";
		};
		841821081A52D27000859778 /* LaunchScreen.xib */ = {
			isa = PBXVariantGroup;
			children = (
				841821091A52D27000859778 /* Base */,
			);
			name = LaunchScreen.xib;
			sourceTree = "<group>";
		};
/* End PBXVariantGroup section */

/* Begin XCBuildConfiguration section */
		841821171A52D27000859778 /* Debug */ = {
			isa = XCBuildConfiguration;
			buildSettings = {
				ALWAYS_SEARCH_USER_PATHS = NO;
				CLANG_CXX_LANGUAGE_STANDARD = "gnu++0x";
				CLANG_CXX_LIBRARY = "libc++";
				CLANG_ENABLE_MODULES = YES;
				CLANG_ENABLE_OBJC_ARC = YES;
				CLANG_WARN_BOOL_CONVERSION = YES;
				CLANG_WARN_CONSTANT_CONVERSION = YES;
				CLANG_WARN_DIRECT_OBJC_ISA_USAGE = YES_ERROR;
				CLANG_WARN_EMPTY_BODY = YES;
				CLANG_WARN_ENUM_CONVERSION = YES;
				CLANG_WARN_INT_CONVERSION = YES;
				CLANG_WARN_OBJC_ROOT_CLASS = YES_ERROR;
				CLANG_WARN_UNREACHABLE_CODE = YES;
				CLANG_WARN__DUPLICATE_METHOD_MATCH = YES;
				"CODE_SIGN_IDENTITY[sdk=iphoneos*]" = "iPhone Developer";
				COPY_PHASE_STRIP = NO;
				ENABLE_STRICT_OBJC_MSGSEND = YES;
				GCC_C_LANGUAGE_STANDARD = gnu99;
				GCC_DYNAMIC_NO_PIC = NO;
				GCC_OPTIMIZATION_LEVEL = 0;
				GCC_PREPROCESSOR_DEFINITIONS = (
					"DEBUG=1",
					"$(inherited)",
				);
				GCC_SYMBOLS_PRIVATE_EXTERN = NO;
				GCC_WARN_64_TO_32_BIT_CONVERSION = YES;
				GCC_WARN_ABOUT_RETURN_TYPE = YES_ERROR;
				GCC_WARN_UNDECLARED_SELECTOR = YES;
				GCC_WARN_UNINITIALIZED_AUTOS = YES_AGGRESSIVE;
				GCC_WARN_UNUSED_FUNCTION = YES;
				GCC_WARN_UNUSED_VARIABLE = YES;
				IPHONEOS_DEPLOYMENT_TARGET = 8.1;
				MTL_ENABLE_DEBUG_INFO = YES;
				ONLY_ACTIVE_ARCH = YES;
				SDKROOT = iphoneos;
				TARGETED_DEVICE_FAMILY = 2;
			};
			name = Debug;
		};
		841821181A52D27000859778 /* Release */ = {
			isa = XCBuildConfiguration;
			buildSettings = {
				ALWAYS_SEARCH_USER_PATHS = NO;
				CLANG_CXX_LANGUAGE_STANDARD = "gnu++0x";
				CLANG_CXX_LIBRARY = "libc++";
				CLANG_ENABLE_MODULES = YES;
				CLANG_ENABLE_OBJC_ARC = YES;
				CLANG_WARN_BOOL_CONVERSION = YES;
				CLANG_WARN_CONSTANT_CONVERSION = YES;
				CLANG_WARN_DIRECT_OBJC_ISA_USAGE = YES_ERROR;
				CLANG_WARN_EMPTY_BODY = YES;
				CLANG_WARN_ENUM_CONVERSION = YES;
				CLANG_WARN_INT_CONVERSION = YES;
				CLANG_WARN_OBJC_ROOT_CLASS = YES_ERROR;
				CLANG_WARN_UNREACHABLE_CODE = YES;
				CLANG_WARN__DUPLICATE_METHOD_MATCH = YES;
				"CODE_SIGN_IDENTITY[sdk=iphoneos*]" = "iPhone Developer";
				COPY_PHASE_STRIP = YES;
				ENABLE_NS_ASSERTIONS = NO;
				ENABLE_STRICT_OBJC_MSGSEND = YES;
				GCC_C_LANGUAGE_STANDARD = gnu99;
				GCC_WARN_64_TO_32_BIT_CONVERSION = YES;
				GCC_WARN_ABOUT_RETURN_TYPE = YES_ERROR;
				GCC_WARN_UNDECLARED_SELECTOR = YES;
				GCC_WARN_UNINITIALIZED_AUTOS = YES_AGGRESSIVE;
				GCC_WARN_UNUSED_FUNCTION = YES;
				GCC_WARN_UNUSED_VARIABLE = YES;
				IPHONEOS_DEPLOYMENT_TARGET = 8.1;
				MTL_ENABLE_DEBUG_INFO = NO;
				SDKROOT = iphoneos;
				TARGETED_DEVICE_FAMILY = 2;
				VALIDATE_PRODUCT = YES;
			};
			name = Release;
		};
		8418211A1A52D27000859778 /* Debug */ = {
			isa = XCBuildConfiguration;
			buildSettings = {
				ASSETCATALOG_COMPILER_APPICON_NAME = AppIcon;
				INFOPLIST_FILE = testdate/Info.plist;
				LD_RUNPATH_SEARCH_PATHS = "$(inherited) @executable_path/Frameworks";
				PRODUCT_NAME = "$(TARGET_NAME)";
			};
			name = Debug;
		};
		8418211B1A52D27000859778 /* Release */ = {
			isa = XCBuildConfiguration;
			buildSettings = {
				ASSETCATALOG_COMPILER_APPICON_NAME = AppIcon;
				INFOPLIST_FILE = testdate/Info.plist;
				LD_RUNPATH_SEARCH_PATHS = "$(inherited) @executable_path/Frameworks";
				PRODUCT_NAME = "$(TARGET_NAME)";
			};
			name = Release;
		};
		8418211D1A52D27000859778 /* Debug */ = {
			isa = XCBuildConfiguration;
			buildSettings = {
				BUNDLE_LOADER = "$(TEST_HOST)";
				FRAMEWORK_SEARCH_PATHS = (
					"$(SDKROOT)/Developer/Library/Frameworks",
					"$(inherited)",
				);
				GCC_PREPROCESSOR_DEFINITIONS = (
					"DEBUG=1",
					"$(inherited)",
				);
				INFOPLIST_FILE = testdateTests/Info.plist;
				LD_RUNPATH_SEARCH_PATHS = "$(inherited) @executable_path/Frameworks @loader_path/Frameworks";
				PRODUCT_NAME = "$(TARGET_NAME)";
				TEST_HOST = "$(BUILT_PRODUCTS_DIR)/testdate.app/testdate";
			};
			name = Debug;
		};
		8418211E1A52D27000859778 /* Release */ = {
			isa = XCBuildConfiguration;
			buildSettings = {
				BUNDLE_LOADER = "$(TEST_HOST)";
				FRAMEWORK_SEARCH_PATHS = (
					"$(SDKROOT)/Developer/Library/Frameworks",
					"$(inherited)",
				);
				INFOPLIST_FILE = testdateTests/Info.plist;
				LD_RUNPATH_SEARCH_PATHS = "$(inherited) @executable_path/Frameworks @loader_path/Frameworks";
				PRODUCT_NAME = "$(TARGET_NAME)";
				TEST_HOST = "$(BUILT_PRODUCTS_DIR)/testdate.app/testdate";
			};
			name = Release;
		};
/* End XCBuildConfiguration section */

/* Begin XCConfigurationList section */
		841820F11A52D26F00859778 /* Build configuration list for PBXProject "testdate" */ = {
			isa = XCConfigurationList;
			buildConfigurations = (
				841821171A52D27000859778 /* Debug */,
				841821181A52D27000859778 /* Release */,
			);
			defaultConfigurationIsVisible = 0;
			defaultConfigurationName = Release;
		};
		841821191A52D27000859778 /* Build configuration list for PBXNativeTarget "testdate" */ = {
			isa = XCConfigurationList;
			buildConfigurations = (
				8418211A1A52D27000859778 /* Debug */,
				8418211B1A52D27000859778 /* Release */,
			);
			defaultConfigurationIsVisible = 0;
		};
		8418211C1A52D27000859778 /* Build configuration list for PBXNativeTarget "testdateTests" */ = {
			isa = XCConfigurationList;
			buildConfigurations = (
				8418211D1A52D27000859778 /* Debug */,
				8418211E1A52D27000859778 /* Release */,
			);
			defaultConfigurationIsVisible = 0;
		};
/* End XCConfigurationList section */
	};
	rootObject = 841820EE1A52D26F00859778 /* Project object */;
}
